
Microsoft Visual Studio Solution File, Format Version 12.00
# Visual Studio 15
VisualStudioVersion = 15.0.27130.2036
MinimumVisualStudioVersion = 10.0.40219.1
Project("{9A19103F-16F7-4668-BE54-9A1E7A4F7556}") = "Blog", "Blog\Blog.csproj", "{FF408D7C-C336-4698-BBC6-0BA933800D97}"
EndProject
Project("{9A19103F-16F7-4668-BE54-9A1E7A4F7556}") = "MarkdownTagHelper", "..\MarkdownTagHelper\MarkdownTagHelper\MarkdownTagHelper.csproj", "{1A12ACDC-E47A-41A7-A9EF-E0D4DAED2940}"
EndProject
Global
	GlobalSection(SolutionConfigurationPlatforms) = preSolution
		Debug|Any CPU = Debug|Any CPU
		Debug|x86 = Debug|x86
		Release|Any CPU = Release|Any CPU
		Release|x86 = Release|x86
	EndGlobalSection
	GlobalSection(ProjectConfigurationPlatforms) = postSolution
		{FF408D7C-C336-4698-BBC6-0BA933800D97}.Debug|Any CPU.ActiveCfg = Debug|Any CPU
		{FF408D7C-C336-4698-BBC6-0BA933800D97}.Debug|Any CPU.Build.0 = Debug|Any CPU
		{FF408D7C-C336-4698-BBC6-0BA933800D97}.Debug|x86.ActiveCfg = Debug|Any CPU
		{FF408D7C-C336-4698-BBC6-0BA933800D97}.Debug|x86.Build.0 = Debug|Any CPU
		{FF408D7C-C336-4698-BBC6-0BA933800D97}.Release|Any CPU.ActiveCfg = Release|Any CPU
		{FF408D7C-C336-4698-BBC6-0BA933800D97}.Release|Any CPU.Build.0 = Release|Any CPU
		{FF408D7C-C336-4698-BBC6-0BA933800D97}.Release|x86.ActiveCfg = Release|Any CPU
		{FF408D7C-C336-4698-BBC6-0BA933800D97}.Release|x86.Build.0 = Release|Any CPU
		{1A12ACDC-E47A-41A7-A9EF-E0D4DAED2940}.Debug|Any CPU.ActiveCfg = Debug|Any CPU
		{1A12ACDC-E47A-41A7-A9EF-E0D4DAED2940}.Debug|Any CPU.Build.0 = Debug|Any CPU
		{1A12ACDC-E47A-41A7-A9EF-E0D4DAED2940}.Debug|x86.ActiveCfg = Debug|Any CPU
		{1A12ACDC-E47A-41A7-A9EF-E0D4DAED2940}.Debug|x86.Build.0 = Debug|Any CPU
		{1A12ACDC-E47A-41A7-A9EF-E0D4DAED2940}.Release|Any CPU.ActiveCfg = Release|Any CPU
		{1A12ACDC-E47A-41A7-A9EF-E0D4DAED2940}.Release|Any CPU.Build.0 = Release|Any CPU
		{1A12ACDC-E47A-41A7-A9EF-E0D4DAED2940}.Release|x86.ActiveCfg = Release|Any CPU
		{1A12ACDC-E47A-41A7-A9EF-E0D4DAED2940}.Release|x86.Build.0 = Release|Any CPU
	EndGlobalSection
	GlobalSection(SolutionProperties) = preSolution
		HideSolutionNode = FALSE
	EndGlobalSection
	GlobalSection(ExtensibilityGlobals) = postSolution
		SolutionGuid = {EE7F9B43-CCC9-4980-85E2-793CC7017DC2}
	EndGlobalSection
EndGlobal
